
Microsoft Visual Studio Solution File, Format Version 12.00
# Visual Studio 2017
Project("{FAE04EC0-301F-11D3-BF4B-00C04F79EFBC}") = "Desafio Alexa SysMap", "Desafio Alexa SysMap.csproj", "{2F1C2D14-488A-6CE1-76DB-F48B3552CB24}"
EndProject
Project("{FAE04EC0-301F-11D3-BF4B-00C04F79EFBC}") = "Desafio Alexa SysMap.Editor", "Desafio Alexa SysMap.Editor.csproj", "{966BA004-4473-A38A-3855-128A3CBE648E}"
EndProject
Global
	GlobalSection(SolutionConfigurationPlatforms) = preSolution
		Debug|Any CPU = Debug|Any CPU
		Release|Any CPU = Release|Any CPU
	EndGlobalSection
	GlobalSection(ProjectConfigurationPlatforms) = postSolution
		{2F1C2D14-488A-6CE1-76DB-F48B3552CB24}.Debug|Any CPU.ActiveCfg = Debug|Any CPU
		{2F1C2D14-488A-6CE1-76DB-F48B3552CB24}.Debug|Any CPU.Build.0 = Debug|Any CPU
		{2F1C2D14-488A-6CE1-76DB-F48B3552CB24}.Release|Any CPU.ActiveCfg = Release|Any CPU
		{2F1C2D14-488A-6CE1-76DB-F48B3552CB24}.Release|Any CPU.Build.0 = Release|Any CPU
		{966BA004-4473-A38A-3855-128A3CBE648E}.Debug|Any CPU.ActiveCfg = Debug|Any CPU
		{966BA004-4473-A38A-3855-128A3CBE648E}.Debug|Any CPU.Build.0 = Debug|Any CPU
		{966BA004-4473-A38A-3855-128A3CBE648E}.Release|Any CPU.ActiveCfg = Release|Any CPU
		{966BA004-4473-A38A-3855-128A3CBE648E}.Release|Any CPU.Build.0 = Release|Any CPU
	EndGlobalSection
	GlobalSection(SolutionProperties) = preSolution
		HideSolutionNode = FALSE
	EndGlobalSection
EndGlobal
